// !$*UTF8*$!
{
	archiveVersion = 1;
	classes = {
	};
	objectVersion = 46;
	objects = {

/* Begin PBXBuildFile section */
		06B1531DEE1B9EF810963785 /* SettingsView.swift in Sources */ = {isa = PBXBuildFile; fileRef = CD49DE14320B4D9D214D347B /* SettingsView.swift */; };
		136B8565319CB1B29A1531E4 /* AtLogin.swift in Sources */ = {isa = PBXBuildFile; fileRef = F95BC06A7F4805DEF1E10571 /* AtLogin.swift */; };
		2D94BB4B247D05E98A52DB74 /* AppModels.swift in Sources */ = {isa = PBXBuildFile; fileRef = 6C7BF2CFC4951D682246EBBC /* AppModels.swift */; };
		3409C97C369778CC669090BB /* StatusMenuController.swift in Sources */ = {isa = PBXBuildFile; fileRef = A0304AFB3C22C53DF3EA05A2 /* StatusMenuController.swift */; };
		3C5422D07EB7BC72744289E6 /* AccessibilityPermission.swift in Sources */ = {isa = PBXBuildFile; fileRef = 07F2806C0B128F18F12E7630 /* AccessibilityPermission.swift */; };
		558F175DE7979BFE3BDC3166 /* OnboardingView.swift in Sources */ = {isa = PBXBuildFile; fileRef = 3BB9FEA6AE1D72F6A47D8FC9 /* OnboardingView.swift */; };
		5878202DF7A713FC99F8998B /* GeneralSettingsView.swift in Sources */ = {isa = PBXBuildFile; fileRef = 9844F3F70FD1F79C7585D095 /* GeneralSettingsView.swift */; };
		6D2F9B56C67F1CA3861CDF89 /* HUDPresenter.swift in Sources */ = {isa = PBXBuildFile; fileRef = 31A3E733D7218E33E2DAF2C8 /* HUDPresenter.swift */; };
		78860B852FFEBF20C4201AA2 /* KeyListenerError.swift in Sources */ = {isa = PBXBuildFile; fileRef = B0D16A9985C47F703AEED4A3 /* KeyListenerError.swift */; };
		BB8419A99CA8861C108BED72 /* AppDelegate.swift in Sources */ = {isa = PBXBuildFile; fileRef = D121CE692FA211C9F7FE94A6 /* AppDelegate.swift */; };
		C0D88418A033F34FB0491522 /* AppSettings.swift in Sources */ = {isa = PBXBuildFile; fileRef = 23F8C66D6252D2A02A8D5EAE /* AppSettings.swift */; };
		C3DE87BCAC9D5EC6142EDE34 /* Cocoa.framework in Frameworks */ = {isa = PBXBuildFile; fileRef = 28D45043F708A84547F4720E /* Cocoa.framework */; };
		C4136D95762F1B589463FE49 /* AppEnvironment.swift in Sources */ = {isa = PBXBuildFile; fileRef = C1C3DDB904B0C30CC812E6B2 /* AppEnvironment.swift */; };
		C443D0620851E6CEFC7B72A4 /* HUDView.swift in Sources */ = {isa = PBXBuildFile; fileRef = E68E88FF5AE7227B54BFC684 /* HUDView.swift */; };
		D241059C22F62B298151E8BE /* SettingsWindowController.swift in Sources */ = {isa = PBXBuildFile; fileRef = 18B18E7BB89DC179B2D19C83 /* SettingsWindowController.swift */; };
		D27807EC009B7FC0EA36891C /* Delay.swift in Sources */ = {isa = PBXBuildFile; fileRef = 6ACB3DCB8DDB14920F61359C /* Delay.swift */; };
		D64714BE5371CA9C4EDF56FD /* Assets.xcassets in Resources */ = {isa = PBXBuildFile; fileRef = DFBA71B26476570065DA73CF /* Assets.xcassets */; };
		D7131C7077342FAB9B672F71 /* ListMode.swift in Sources */ = {isa = PBXBuildFile; fileRef = C035ECA958898D840B055313 /* ListMode.swift */; };
		F848046F715D76E6C34379AE /* KeyListener.swift in Sources */ = {isa = PBXBuildFile; fileRef = 1210F92866353387E9149CE9 /* KeyListener.swift */; };
/* End PBXBuildFile section */

/* Begin PBXFileReference section */
		07F2806C0B128F18F12E7630 /* AccessibilityPermission.swift */ = {isa = PBXFileReference; includeInIndex = 1; lastKnownFileType = sourcecode.swift; path = AccessibilityPermission.swift; sourceTree = "<group>"; };
		1210F92866353387E9149CE9 /* KeyListener.swift */ = {isa = PBXFileReference; includeInIndex = 1; lastKnownFileType = sourcecode.swift; path = KeyListener.swift; sourceTree = "<group>"; };
		18B18E7BB89DC179B2D19C83 /* SettingsWindowController.swift */ = {isa = PBXFileReference; includeInIndex = 1; lastKnownFileType = sourcecode.swift; path = SettingsWindowController.swift; sourceTree = "<group>"; };
		23F8C66D6252D2A02A8D5EAE /* AppSettings.swift */ = {isa = PBXFileReference; includeInIndex = 1; lastKnownFileType = sourcecode.swift; path = AppSettings.swift; sourceTree = "<group>"; };
		28D45043F708A84547F4720E /* Cocoa.framework */ = {isa = PBXFileReference; lastKnownFileType = wrapper.framework; name = Cocoa.framework; path = Platforms/MacOSX.platform/Developer/SDKs/MacOSX15.0.sdk/System/Library/Frameworks/Cocoa.framework; sourceTree = DEVELOPER_DIR; };
		31A3E733D7218E33E2DAF2C8 /* HUDPresenter.swift */ = {isa = PBXFileReference; includeInIndex = 1; lastKnownFileType = sourcecode.swift; path = HUDPresenter.swift; sourceTree = "<group>"; };
		3BB9FEA6AE1D72F6A47D8FC9 /* OnboardingView.swift */ = {isa = PBXFileReference; includeInIndex = 1; lastKnownFileType = sourcecode.swift; path = OnboardingView.swift; sourceTree = "<group>"; };
		6ACB3DCB8DDB14920F61359C /* Delay.swift */ = {isa = PBXFileReference; includeInIndex = 1; lastKnownFileType = sourcecode.swift; path = Delay.swift; sourceTree = "<group>"; };
		6C7BF2CFC4951D682246EBBC /* AppModels.swift */ = {isa = PBXFileReference; includeInIndex = 1; lastKnownFileType = sourcecode.swift; path = AppModels.swift; sourceTree = "<group>"; };
		9844F3F70FD1F79C7585D095 /* GeneralSettingsView.swift */ = {isa = PBXFileReference; includeInIndex = 1; lastKnownFileType = sourcecode.swift; path = GeneralSettingsView.swift; sourceTree = "<group>"; };
		A0304AFB3C22C53DF3EA05A2 /* StatusMenuController.swift */ = {isa = PBXFileReference; includeInIndex = 1; lastKnownFileType = sourcecode.swift; path = StatusMenuController.swift; sourceTree = "<group>"; };
		B0D16A9985C47F703AEED4A3 /* KeyListenerError.swift */ = {isa = PBXFileReference; includeInIndex = 1; lastKnownFileType = sourcecode.swift; path = KeyListenerError.swift; sourceTree = "<group>"; };
		C035ECA958898D840B055313 /* ListMode.swift */ = {isa = PBXFileReference; includeInIndex = 1; lastKnownFileType = sourcecode.swift; path = ListMode.swift; sourceTree = "<group>"; };
		C1C3DDB904B0C30CC812E6B2 /* AppEnvironment.swift */ = {isa = PBXFileReference; includeInIndex = 1; lastKnownFileType = sourcecode.swift; path = AppEnvironment.swift; sourceTree = "<group>"; };
		CD49DE14320B4D9D214D347B /* SettingsView.swift */ = {isa = PBXFileReference; includeInIndex = 1; lastKnownFileType = sourcecode.swift; path = SettingsView.swift; sourceTree = "<group>"; };
		CE1CA0B80A1A12D068290DD8 /* Info.plist */ = {isa = PBXFileReference; includeInIndex = 1; lastKnownFileType = text.plist.xml; path = Info.plist; sourceTree = "<group>"; };
		D121CE692FA211C9F7FE94A6 /* AppDelegate.swift */ = {isa = PBXFileReference; includeInIndex = 1; lastKnownFileType = sourcecode.swift; path = AppDelegate.swift; sourceTree = "<group>"; };
		DFBA71B26476570065DA73CF /* Assets.xcassets */ = {isa = PBXFileReference; includeInIndex = 1; lastKnownFileType = folder.assetcatalog; path = Assets.xcassets; sourceTree = "<group>"; };
		E68E88FF5AE7227B54BFC684 /* HUDView.swift */ = {isa = PBXFileReference; includeInIndex = 1; lastKnownFileType = sourcecode.swift; path = HUDView.swift; sourceTree = "<group>"; };
		F6ABE66548221BE7E90E8DBB /* QBlocker.app */ = {isa = PBXFileReference; explicitFileType = wrapper.application; includeInIndex = 0; path = QBlocker.app; sourceTree = BUILT_PRODUCTS_DIR; };
		F95BC06A7F4805DEF1E10571 /* AtLogin.swift */ = {isa = PBXFileReference; includeInIndex = 1; lastKnownFileType = sourcecode.swift; path = AtLogin.swift; sourceTree = "<group>"; };
		FCD7ACB2A4291F550DB30317 /* QBlocker.entitlements */ = {isa = PBXFileReference; includeInIndex = 1; lastKnownFileType = text.plist.entitlements; path = QBlocker.entitlements; sourceTree = "<group>"; };
/* End PBXFileReference section */

/* Begin PBXFrameworksBuildPhase section */
		D6089212A19FEF0DC1D2B904 /* Frameworks */ = {
			isa = PBXFrameworksBuildPhase;
			buildActionMask = 2147483647;
			files = (
				C3DE87BCAC9D5EC6142EDE34 /* Cocoa.framework in Frameworks */,
			);
			runOnlyForDeploymentPostprocessing = 0;
		};
/* End PBXFrameworksBuildPhase section */

/* Begin PBXGroup section */
		66DF8B8E8E261F5887D876F2 /* Frameworks */ = {
			isa = PBXGroup;
			children = (
				AF58C6E9A6E98D17A396063F /* OS X */,
			);
			name = Frameworks;
			sourceTree = "<group>";
		};
		AF58C6E9A6E98D17A396063F /* OS X */ = {
			isa = PBXGroup;
			children = (
				28D45043F708A84547F4720E /* Cocoa.framework */,
			);
			name = "OS X";
			sourceTree = "<group>";
		};
		AFCB1DEA8F80F6CBA5F3F36A /* QBlocker */ = {
			isa = PBXGroup;
			children = (
				D121CE692FA211C9F7FE94A6 /* AppDelegate.swift */,
				A0304AFB3C22C53DF3EA05A2 /* StatusMenuController.swift */,
				6C7BF2CFC4951D682246EBBC /* AppModels.swift */,
				23F8C66D6252D2A02A8D5EAE /* AppSettings.swift */,
				C1C3DDB904B0C30CC812E6B2 /* AppEnvironment.swift */,
				C035ECA958898D840B055313 /* ListMode.swift */,
				1210F92866353387E9149CE9 /* KeyListener.swift */,
				B0D16A9985C47F703AEED4A3 /* KeyListenerError.swift */,
				31A3E733D7218E33E2DAF2C8 /* HUDPresenter.swift */,
				E68E88FF5AE7227B54BFC684 /* HUDView.swift */,
				18B18E7BB89DC179B2D19C83 /* SettingsWindowController.swift */,
				CD49DE14320B4D9D214D347B /* SettingsView.swift */,
				9844F3F70FD1F79C7585D095 /* GeneralSettingsView.swift */,
				07F2806C0B128F18F12E7630 /* AccessibilityPermission.swift */,
				3BB9FEA6AE1D72F6A47D8FC9 /* OnboardingView.swift */,
				F95BC06A7F4805DEF1E10571 /* AtLogin.swift */,
				6ACB3DCB8DDB14920F61359C /* Delay.swift */,
				DFBA71B26476570065DA73CF /* Assets.xcassets */,
				CE1CA0B80A1A12D068290DD8 /* Info.plist */,
				FCD7ACB2A4291F550DB30317 /* QBlocker.entitlements */,
			);
			path = QBlocker;
			sourceTree = "<group>";
		};
		B17EC51A5452AF85D8772CBD /* Products */ = {
			isa = PBXGroup;
			children = (
				F6ABE66548221BE7E90E8DBB /* QBlocker.app */,
			);
			name = Products;
			sourceTree = "<group>";
		};
		DB0593212D1B7C50D426591A = {
			isa = PBXGroup;
			children = (
				B17EC51A5452AF85D8772CBD /* Products */,
				66DF8B8E8E261F5887D876F2 /* Frameworks */,
				AFCB1DEA8F80F6CBA5F3F36A /* QBlocker */,
			);
			sourceTree = "<group>";
		};
/* End PBXGroup section */

/* Begin PBXNativeTarget section */
		5C1FCB840553B9B0AD61C4B2 /* QBlocker */ = {
			isa = PBXNativeTarget;
			buildConfigurationList = AC6D654BCFDD481613F3DFE9 /* Build configuration list for PBXNativeTarget "QBlocker" */;
			buildPhases = (
				1CA094FADE785DE2D11630DB /* Sources */,
				D6089212A19FEF0DC1D2B904 /* Frameworks */,
				58B59869E95F2157631506FC /* Resources */,
			);
			buildRules = (
			);
			dependencies = (
			);
			name = QBlocker;
			productName = QBlocker;
			productReference = F6ABE66548221BE7E90E8DBB /* QBlocker.app */;
			productType = "com.apple.product-type.application";
		};
/* End PBXNativeTarget section */

/* Begin PBXProject section */
		ACE0B1667F689EC5BE4A9CE0 /* Project object */ = {
			isa = PBXProject;
			attributes = {
				LastSwiftUpdateCheck = 2650;
				LastUpgradeCheck = 2650;
				ORGANIZATIONNAME = "Churro Studio";
				TargetAttributes = {
					5C1FCB840553B9B0AD61C4B2 = {
						DevelopmentTeam = MUQ4F4AJ2E;
						ProvisioningStyle = Automatic;
					};
				};
			};
			buildConfigurationList = A7E25B091DA9F51D8C388701 /* Build configuration list for PBXProject "QBlocker" */;
			compatibilityVersion = "Xcode 3.2";
			developmentRegion = en;
			hasScannedForEncodings = 0;
			knownRegions = (
				en,
				Base,
			);
			mainGroup = DB0593212D1B7C50D426591A;
			productRefGroup = B17EC51A5452AF85D8772CBD /* Products */;
			projectDirPath = "";
			projectRoot = "";
			targets = (
				5C1FCB840553B9B0AD61C4B2 /* QBlocker */,
			);
		};
/* End PBXProject section */

/* Begin PBXResourcesBuildPhase section */
		58B59869E95F2157631506FC /* Resources */ = {
			isa = PBXResourcesBuildPhase;
			buildActionMask = 2147483647;
			files = (
				D64714BE5371CA9C4EDF56FD /* Assets.xcassets in Resources */,
			);
			runOnlyForDeploymentPostprocessing = 0;
		};
/* End PBXResourcesBuildPhase section */

/* Begin PBXSourcesBuildPhase section */
		1CA094FADE785DE2D11630DB /* Sources */ = {
			isa = PBXSourcesBuildPhase;
			buildActionMask = 2147483647;
			files = (
				BB8419A99CA8861C108BED72 /* AppDelegate.swift in Sources */,
				3409C97C369778CC669090BB /* StatusMenuController.swift in Sources */,
				2D94BB4B247D05E98A52DB74 /* AppModels.swift in Sources */,
				C0D88418A033F34FB0491522 /* AppSettings.swift in Sources */,
				C4136D95762F1B589463FE49 /* AppEnvironment.swift in Sources */,
				D7131C7077342FAB9B672F71 /* ListMode.swift in Sources */,
				F848046F715D76E6C34379AE /* KeyListener.swift in Sources */,
				78860B852FFEBF20C4201AA2 /* KeyListenerError.swift in Sources */,
				6D2F9B56C67F1CA3861CDF89 /* HUDPresenter.swift in Sources */,
				C443D0620851E6CEFC7B72A4 /* HUDView.swift in Sources */,
				D241059C22F62B298151E8BE /* SettingsWindowController.swift in Sources */,
				06B1531DEE1B9EF810963785 /* SettingsView.swift in Sources */,
				5878202DF7A713FC99F8998B /* GeneralSettingsView.swift in Sources */,
				3C5422D07EB7BC72744289E6 /* AccessibilityPermission.swift in Sources */,
				558F175DE7979BFE3BDC3166 /* OnboardingView.swift in Sources */,
				136B8565319CB1B29A1531E4 /* AtLogin.swift in Sources */,
				D27807EC009B7FC0EA36891C /* Delay.swift in Sources */,
			);
			runOnlyForDeploymentPostprocessing = 0;
		};
/* End PBXSourcesBuildPhase section */

/* Begin XCBuildConfiguration section */
		094CCAFD45044086F232DF35 /* Release */ = {
			isa = XCBuildConfiguration;
			buildSettings = {
				ALWAYS_SEARCH_USER_PATHS = NO;
				CLANG_ANALYZER_NONNULL = YES;
				CLANG_ANALYZER_NUMBER_OBJECT_CONVERSION = YES_AGGRESSIVE;
				CLANG_CXX_LANGUAGE_STANDARD = "gnu++20";
				CLANG_CXX_LIBRARY = "libc++";
				CLANG_ENABLE_MODULES = YES;
				CLANG_ENABLE_OBJC_ARC = YES;
				CLANG_ENABLE_OBJC_WEAK = YES;
				CLANG_WARN_BLOCK_CAPTURE_AUTORELEASING = YES;
				CLANG_WARN_BOOL_CONVERSION = YES;
				CLANG_WARN_COMMA = YES;
				CLANG_WARN_CONSTANT_CONVERSION = YES;
				CLANG_WARN_DEPRECATED_OBJC_IMPLEMENTATIONS = YES;
				CLANG_WARN_DIRECT_OBJC_ISA_USAGE = YES_ERROR;
				CLANG_WARN_DOCUMENTATION_COMMENTS = YES;
				CLANG_WARN_EMPTY_BODY = YES;
				CLANG_WARN_ENUM_CONVERSION = YES;
				CLANG_WARN_INFINITE_RECURSION = YES;
				CLANG_WARN_INT_CONVERSION = YES;
				CLANG_WARN_NON_LITERAL_NULL_CONVERSION = YES;
				CLANG_WARN_OBJC_IMPLICIT_RETAIN_SELF = YES;
				CLANG_WARN_OBJC_LITERAL_CONVERSION = YES;
				CLANG_WARN_OBJC_ROOT_CLASS = YES_ERROR;
				CLANG_WARN_QUOTED_INCLUDE_IN_FRAMEWORK_HEADER = YES;
				CLANG_WARN_RANGE_LOOP_ANALYSIS = YES;
				CLANG_WARN_STRICT_PROTOTYPES = YES;
				CLANG_WARN_SUSPICIOUS_MOVE = YES;
				CLANG_WARN_UNGUARDED_AVAILABILITY = YES_AGGRESSIVE;
				CLANG_WARN_UNREACHABLE_CODE = YES;
				CLANG_WARN__DUPLICATE_METHOD_MATCH = YES;
				COPY_PHASE_STRIP = YES;
				DEBUG_INFORMATION_FORMAT = "dwarf-with-dsym";
				ENABLE_HARDENED_RUNTIME = YES;
				ENABLE_NS_ASSERTIONS = NO;
				ENABLE_STRICT_OBJC_MSGSEND = YES;
				GCC_C_LANGUAGE_STANDARD = gnu17;
				GCC_NO_COMMON_BLOCKS = YES;
				GCC_WARN_64_TO_32_BIT_CONVERSION = YES;
				GCC_WARN_ABOUT_RETURN_TYPE = YES_ERROR;
				GCC_WARN_UNDECLARED_SELECTOR = YES;
				GCC_WARN_UNINITIALIZED_AUTOS = YES_AGGRESSIVE;
				GCC_WARN_UNUSED_FUNCTION = YES;
				GCC_WARN_UNUSED_VARIABLE = YES;
				MACOSX_DEPLOYMENT_TARGET = 14.0;
				MTL_ENABLE_DEBUG_INFO = NO;
				MTL_FAST_MATH = YES;
				PRODUCT_NAME = "$(TARGET_NAME)";
				SDKROOT = macosx;
				SUPPORTED_PLATFORMS = macosx;
				SUPPORTS_MACCATALYST = NO;
				SWIFT_OPTIMIZATION_LEVEL = "-Owholemodule";
				SWIFT_VERSION = 5.0;
			};
			name = Release;
		};
		4D0F5A60A60CBEC24A8C71C3 /* Debug */ = {
			isa = XCBuildConfiguration;
			buildSettings = {
				ALWAYS_SEARCH_USER_PATHS = NO;
				CLANG_ANALYZER_NONNULL = YES;
				CLANG_ANALYZER_NUMBER_OBJECT_CONVERSION = YES_AGGRESSIVE;
				CLANG_CXX_LANGUAGE_STANDARD = "gnu++20";
				CLANG_CXX_LIBRARY = "libc++";
				CLANG_ENABLE_MODULES = YES;
				CLANG_ENABLE_OBJC_ARC = YES;
				CLANG_ENABLE_OBJC_WEAK = YES;
				CLANG_WARN_BLOCK_CAPTURE_AUTORELEASING = YES;
				CLANG_WARN_BOOL_CONVERSION = YES;
				CLANG_WARN_COMMA = YES;
				CLANG_WARN_CONSTANT_CONVERSION = YES;
				CLANG_WARN_DEPRECATED_OBJC_IMPLEMENTATIONS = YES;
				CLANG_WARN_DIRECT_OBJC_ISA_USAGE = YES_ERROR;
				CLANG_WARN_DOCUMENTATION_COMMENTS = YES;
				CLANG_WARN_EMPTY_BODY = YES;
				CLANG_WARN_ENUM_CONVERSION = YES;
				CLANG_WARN_INFINITE_RECURSION = YES;
				CLANG_WARN_INT_CONVERSION = YES;
				CLANG_WARN_NON_LITERAL_NULL_CONVERSION = YES;
				CLANG_WARN_OBJC_IMPLICIT_RETAIN_SELF = YES;
				CLANG_WARN_OBJC_LITERAL_CONVERSION = YES;
				CLANG_WARN_OBJC_ROOT_CLASS = YES_ERROR;
				CLANG_WARN_QUOTED_INCLUDE_IN_FRAMEWORK_HEADER = YES;
				CLANG_WARN_RANGE_LOOP_ANALYSIS = YES;
				CLANG_WARN_STRICT_PROTOTYPES = YES;
				CLANG_WARN_SUSPICIOUS_MOVE = YES;
				CLANG_WARN_UNGUARDED_AVAILABILITY = YES_AGGRESSIVE;
				CLANG_WARN_UNREACHABLE_CODE = YES;
				CLANG_WARN__DUPLICATE_METHOD_MATCH = YES;
				COPY_PHASE_STRIP = NO;
				DEBUG_INFORMATION_FORMAT = dwarf;
				ENABLE_HARDENED_RUNTIME = YES;
				ENABLE_STRICT_OBJC_MSGSEND = YES;
				ENABLE_TESTABILITY = YES;
				GCC_C_LANGUAGE_STANDARD = gnu17;
				GCC_DYNAMIC_NO_PIC = NO;
				GCC_NO_COMMON_BLOCKS = YES;
				GCC_OPTIMIZATION_LEVEL = 0;
				GCC_PREPROCESSOR_DEFINITIONS = (
					"DEBUG=1",
					"$(inherited)",
				);
				GCC_WARN_64_TO_32_BIT_CONVERSION = YES;
				GCC_WARN_ABOUT_RETURN_TYPE = YES_ERROR;
				GCC_WARN_UNDECLARED_SELECTOR = YES;
				GCC_WARN_UNINITIALIZED_AUTOS = YES_AGGRESSIVE;
				GCC_WARN_UNUSED_FUNCTION = YES;
				GCC_WARN_UNUSED_VARIABLE = YES;
				MACOSX_DEPLOYMENT_TARGET = 14.0;
				MTL_ENABLE_DEBUG_INFO = INCLUDE_SOURCE;
				MTL_FAST_MATH = YES;
				ONLY_ACTIVE_ARCH = YES;
				PRODUCT_NAME = "$(TARGET_NAME)";
				SDKROOT = macosx;
				SUPPORTED_PLATFORMS = macosx;
				SUPPORTS_MACCATALYST = NO;
				SWIFT_ACTIVE_COMPILATION_CONDITIONS = DEBUG;
				SWIFT_OPTIMIZATION_LEVEL = "-Onone";
				SWIFT_VERSION = 5.0;
			};
			name = Debug;
		};
		8468BDBBF55C2173CD165214 /* Release */ = {
			isa = XCBuildConfiguration;
			buildSettings = {
				ASSETCATALOG_COMPILER_APPICON_NAME = AppIcon;
				ASSETCATALOG_COMPILER_GLOBAL_ACCENT_COLOR_NAME = AccentColor;
				CODE_SIGN_ENTITLEMENTS = QBlocker/QBlocker.entitlements;
				CODE_SIGN_IDENTITY = "Apple Development";
				CODE_SIGN_STYLE = Automatic;
				COMBINE_HIDPI_IMAGES = YES;
				CURRENT_PROJECT_VERSION = 21;
				DEVELOPMENT_TEAM = MUQ4F4AJ2E;
				ENABLE_HARDENED_RUNTIME = YES;
				GENERATE_INFOPLIST_FILE = NO;
				INFOPLIST_FILE = QBlocker/Info.plist;
				LD_RUNPATH_SEARCH_PATHS = "$(inherited) @executable_path/../Frameworks";
				MACOSX_DEPLOYMENT_TARGET = 14.0;
				MARKETING_VERSION = 1.3;
				PRODUCT_BUNDLE_IDENTIFIER = uk.co.wearecocoon.QBlocker;
				PRODUCT_NAME = "$(TARGET_NAME)";
				SDKROOT = macosx;
				SUPPORTED_PLATFORMS = macosx;
				SUPPORTS_MACCATALYST = NO;
				SWIFT_EMIT_LOC_STRINGS = YES;
				SWIFT_VERSION = 6.0;
			};
			name = Release;
		};
		BA13362DB153462FA64453EC /* Debug */ = {
			isa = XCBuildConfiguration;
			buildSettings = {
				ASSETCATALOG_COMPILER_APPICON_NAME = AppIcon;
				ASSETCATALOG_COMPILER_GLOBAL_ACCENT_COLOR_NAME = AccentColor;
				CODE_SIGN_ENTITLEMENTS = QBlocker/QBlocker.entitlements;
				CODE_SIGN_IDENTITY = "Apple Development";
				CODE_SIGN_STYLE = Automatic;
				COMBINE_HIDPI_IMAGES = YES;
				CURRENT_PROJECT_VERSION = 21;
				DEVELOPMENT_TEAM = MUQ4F4AJ2E;
				ENABLE_HARDENED_RUNTIME = YES;
				GENERATE_INFOPLIST_FILE = NO;
				INFOPLIST_FILE = QBlocker/Info.plist;
				LD_RUNPATH_SEARCH_PATHS = "$(inherited) @executable_path/../Frameworks";
				MACOSX_DEPLOYMENT_TARGET = 14.0;
				MARKETING_VERSION = 1.3;
				PRODUCT_BUNDLE_IDENTIFIER = uk.co.wearecocoon.QBlocker;
				PRODUCT_NAME = "$(TARGET_NAME)";
				SDKROOT = macosx;
				SUPPORTED_PLATFORMS = macosx;
				SUPPORTS_MACCATALYST = NO;
				SWIFT_EMIT_LOC_STRINGS = YES;
				SWIFT_VERSION = 6.0;
			};
			name = Debug;
		};
/* End XCBuildConfiguration section */

/* Begin XCConfigurationList section */
		A7E25B091DA9F51D8C388701 /* Build configuration list for PBXProject "QBlocker" */ = {
			isa = XCConfigurationList;
			buildConfigurations = (
				4D0F5A60A60CBEC24A8C71C3 /* Debug */,
				094CCAFD45044086F232DF35 /* Release */,
			);
			defaultConfigurationIsVisible = 0;
			defaultConfigurationName = Release;
		};
		AC6D654BCFDD481613F3DFE9 /* Build configuration list for PBXNativeTarget "QBlocker" */ = {
			isa = XCConfigurationList;
			buildConfigurations = (
				8468BDBBF55C2173CD165214 /* Release */,
				BA13362DB153462FA64453EC /* Debug */,
			);
			defaultConfigurationIsVisible = 0;
			defaultConfigurationName = Release;
		};
/* End XCConfigurationList section */
	};
	rootObject = ACE0B1667F689EC5BE4A9CE0 /* Project object */;
}
